// !$*UTF8*$!
{
	archiveVersion = 1;
	classes = {
	};
	objectVersion = 46;
	objects = {

/* Begin PBXBuildFile section */
		D21084AD1AEE2D8300F49D57 /* main.m in Sources */ = {isa = PBXBuildFile; fileRef = D21084AC1AEE2D8300F49D57 /* main.m */; };
		D21084B01AEE2D8300F49D57 /* AppDelegate.m in Sources */ = {isa = PBXBuildFile; fileRef = D21084AF1AEE2D8300F49D57 /* AppDelegate.m */; };
		D21084B31AEE2D8300F49D57 /* ViewController.m in Sources */ = {isa = PBXBuildFile; fileRef = D21084B21AEE2D8300F49D57 /* ViewController.m */; };
		D21084B61AEE2D8300F49D57 /* Main.storyboard in Resources */ = {isa = PBXBuildFile; fileRef = D21084B41AEE2D8300F49D57 /* Main.storyboard */; };
		D21084B81AEE2D8300F49D57 /* Images.xcassets in Resources */ = {isa = PBXBuildFile; fileRef = D21084B71AEE2D8300F49D57 /* Images.xcassets */; };
		D21084BB1AEE2D8300F49D57 /* LaunchScreen.xib in Resources */ = {isa = PBXBuildFile; fileRef = D21084B91AEE2D8300F49D57 /* LaunchScreen.xib */; };
		D21084C71AEE2D8300F49D57 /* weatherDemoTests.m in Sources */ = {isa = PBXBuildFile; fileRef = D21084C61AEE2D8300F49D57 /* weatherDemoTests.m */; };
		D21084D71AEE37EB00F49D57 /* HomeController.m in Sources */ = {isa = PBXBuildFile; fileRef = D21084D61AEE37EB00F49D57 /* HomeController.m */; };
		D21084DB1AEE3B7800F49D57 /* MyUtil.m in Sources */ = {isa = PBXBuildFile; fileRef = D21084DA1AEE3B7800F49D57 /* MyUtil.m */; };
		D21084DE1AEE50FC00F49D57 /* CityViewController.m in Sources */ = {isa = PBXBuildFile; fileRef = D21084DD1AEE50FC00F49D57 /* CityViewController.m */; };
		D21084E71AEF54D900F49D57 /* CityInfoModel.m in Sources */ = {isa = PBXBuildFile; fileRef = D21084E61AEF54D900F49D57 /* CityInfoModel.m */; };
		D21084EA1AEF54EE00F49D57 /* CityInfo.m in Sources */ = {isa = PBXBuildFile; fileRef = D21084E91AEF54EE00F49D57 /* CityInfo.m */; };
		D210851F1AEF711000F49D57 /* SearchCityController.m in Sources */ = {isa = PBXBuildFile; fileRef = D210851E1AEF711000F49D57 /* SearchCityController.m */; };
		D21085221AF0743700F49D57 /* ForecastScrollView.m in Sources */ = {isa = PBXBuildFile; fileRef = D21085211AF0743700F49D57 /* ForecastScrollView.m */; };
		D21085251AF0A50C00F49D57 /* WeekCell.m in Sources */ = {isa = PBXBuildFile; fileRef = D21085241AF0A50C00F49D57 /* WeekCell.m */; };
		D21085281AF0B5DC00F49D57 /* TodayInfoCell.m in Sources */ = {isa = PBXBuildFile; fileRef = D21085271AF0B5DC00F49D57 /* TodayInfoCell.m */; };
		D210852B1AF0BAA600F49D57 /* TodayDetailCell.m in Sources */ = {isa = PBXBuildFile; fileRef = D210852A1AF0BAA600F49D57 /* TodayDetailCell.m */; };
		D210852E1AF0CCB900F49D57 /* MainView.m in Sources */ = {isa = PBXBuildFile; fileRef = D210852D1AF0CCB900F49D57 /* MainView.m */; };
/* End PBXBuildFile section */

/* Begin PBXContainerItemProxy section */
		D21084C11AEE2D8300F49D57 /* PBXContainerItemProxy */ = {
			isa = PBXContainerItemProxy;
			containerPortal = D210849F1AEE2D8300F49D57 /* Project object */;
			proxyType = 1;
			remoteGlobalIDString = D21084A61AEE2D8300F49D57;
			remoteInfo = weatherDemo;
		};
/* End PBXContainerItemProxy section */

/* Begin PBXFileReference section */
		D21084A71AEE2D8300F49D57 /* weatherDemo.app */ = {isa = PBXFileReference; explicitFileType = wrapper.application; includeInIndex = 0; path = weatherDemo.app; sourceTree = BUILT_PRODUCTS_DIR; };
		D21084AB1AEE2D8300F49D57 /* Info.plist */ = {isa = PBXFileReference; lastKnownFileType = text.plist.xml; path = Info.plist; sourceTree = "<group>"; };
		D21084AC1AEE2D8300F49D57 /* main.m */ = {isa = PBXFileReference; lastKnownFileType = sourcecode.c.objc; path = main.m; sourceTree = "<group>"; };
		D21084AE1AEE2D8300F49D57 /* AppDelegate.h */ = {isa = PBXFileReference; lastKnownFileType = sourcecode.c.h; path = AppDelegate.h; sourceTree = "<group>"; };
		D21084AF1AEE2D8300F49D57 /* AppDelegate.m */ = {isa = PBXFileReference; lastKnownFileType = sourcecode.c.objc; path = AppDelegate.m; sourceTree = "<group>"; };
		D21084B11AEE2D8300F49D57 /* ViewController.h */ = {isa = PBXFileReference; lastKnownFileType = sourcecode.c.h; path = ViewController.h; sourceTree = "<group>"; };
		D21084B21AEE2D8300F49D57 /* ViewController.m */ = {isa = PBXFileReference; lastKnownFileType = sourcecode.c.objc; path = ViewController.m; sourceTree = "<group>"; };
		D21084B51AEE2D8300F49D57 /* Base */ = {isa = PBXFileReference; lastKnownFileType = file.storyboard; name = Base; path = Base.lproj/Main.storyboard; sourceTree = "<group>"; };
		D21084B71AEE2D8300F49D57 /* Images.xcassets */ = {isa = PBXFileReference; lastKnownFileType = folder.assetcatalog; path = Images.xcassets; sourceTree = "<group>"; };
		D21084BA1AEE2D8300F49D57 /* Base */ = {isa = PBXFileReference; lastKnownFileType = file.xib; name = Base; path = Base.lproj/LaunchScreen.xib; sourceTree = "<group>"; };
		D21084C01AEE2D8300F49D57 /* weatherDemoTests.xctest */ = {isa = PBXFileReference; explicitFileType = wrapper.cfbundle; includeInIndex = 0; path = weatherDemoTests.xctest; sourceTree = BUILT_PRODUCTS_DIR; };
		D21084C51AEE2D8300F49D57 /* Info.plist */ = {isa = PBXFileReference; lastKnownFileType = text.plist.xml; path = Info.plist; sourceTree = "<group>"; };
		D21084C61AEE2D8300F49D57 /* weatherDemoTests.m */ = {isa = PBXFileReference; lastKnownFileType = sourcecode.c.objc; path = weatherDemoTests.m; sourceTree = "<group>"; };
		D21084D41AEE2EDE00F49D57 /* Header.pch */ = {isa = PBXFileReference; fileEncoding = 4; lastKnownFileType = sourcecode.c.h; path = Header.pch; sourceTree = "<group>"; };
		D21084D51AEE37EB00F49D57 /* HomeController.h */ = {isa = PBXFileReference; fileEncoding = 4; lastKnownFileType = sourcecode.c.h; path = HomeController.h; sourceTree = "<group>"; };
		D21084D61AEE37EB00F49D57 /* HomeController.m */ = {isa = PBXFileReference; fileEncoding = 4; lastKnownFileType = sourcecode.c.objc; path = HomeController.m; sourceTree = "<group>"; };
		D21084D91AEE3B7800F49D57 /* MyUtil.h */ = {isa = PBXFileReference; fileEncoding = 4; lastKnownFileType = sourcecode.c.h; path = MyUtil.h; sourceTree = "<group>"; };
		D21084DA1AEE3B7800F49D57 /* MyUtil.m */ = {isa = PBXFileReference; fileEncoding = 4; lastKnownFileType = sourcecode.c.objc; path = MyUtil.m; sourceTree = "<group>"; };
		D21084DC1AEE50FC00F49D57 /* CityViewController.h */ = {isa = PBXFileReference; fileEncoding = 4; lastKnownFileType = sourcecode.c.h; path = CityViewController.h; sourceTree = "<group>"; };
		D21084DD1AEE50FC00F49D57 /* CityViewController.m */ = {isa = PBXFileReference; fileEncoding = 4; lastKnownFileType = sourcecode.c.objc; path = CityViewController.m; sourceTree = "<group>"; };
		D21084E51AEF54D900F49D57 /* CityInfoModel.h */ = {isa = PBXFileReference; fileEncoding = 4; lastKnownFileType = sourcecode.c.h; path = CityInfoModel.h; sourceTree = "<group>"; };
		D21084E61AEF54D900F49D57 /* CityInfoModel.m */ = {isa = PBXFileReference; fileEncoding = 4; lastKnownFileType = sourcecode.c.objc; path = CityInfoModel.m; sourceTree = "<group>"; };
		D21084E81AEF54EE00F49D57 /* CityInfo.h */ = {isa = PBXFileReference; fileEncoding = 4; lastKnownFileType = sourcecode.c.h; path = CityInfo.h; sourceTree = "<group>"; };
		D21084E91AEF54EE00F49D57 /* CityInfo.m */ = {isa = PBXFileReference; fileEncoding = 4; lastKnownFileType = sourcecode.c.objc; path = CityInfo.m; sourceTree = "<group>"; };
		D210851D1AEF711000F49D57 /* SearchCityController.h */ = {isa = PBXFileReference; fileEncoding = 4; lastKnownFileType = sourcecode.c.h; path = SearchCityController.h; sourceTree = "<group>"; };
		D210851E1AEF711000F49D57 /* SearchCityController.m */ = {isa = PBXFileReference; fileEncoding = 4; lastKnownFileType = sourcecode.c.objc; path = SearchCityController.m; sourceTree = "<group>"; };
		D21085201AF0743700F49D57 /* ForecastScrollView.h */ = {isa = PBXFileReference; fileEncoding = 4; lastKnownFileType = sourcecode.c.h; path = ForecastScrollView.h; sourceTree = "<group>"; };
		D21085211AF0743700F49D57 /* ForecastScrollView.m */ = {isa = PBXFileReference; fileEncoding = 4; lastKnownFileType = sourcecode.c.objc; path = ForecastScrollView.m; sourceTree = "<group>"; };
		D21085231AF0A50C00F49D57 /* WeekCell.h */ = {isa = PBXFileReference; fileEncoding = 4; lastKnownFileType = sourcecode.c.h; path = WeekCell.h; sourceTree = "<group>"; };
		D21085241AF0A50C00F49D57 /* WeekCell.m */ = {isa = PBXFileReference; fileEncoding = 4; lastKnownFileType = sourcecode.c.objc; path = WeekCell.m; sourceTree = "<group>"; };
		D21085261AF0B5DC00F49D57 /* TodayInfoCell.h */ = {isa = PBXFileReference; fileEncoding = 4; lastKnownFileType = sourcecode.c.h; path = TodayInfoCell.h; sourceTree = "<group>"; };
		D21085271AF0B5DC00F49D57 /* TodayInfoCell.m */ = {isa = PBXFileReference; fileEncoding = 4; lastKnownFileType = sourcecode.c.objc; path = TodayInfoCell.m; sourceTree = "<group>"; };
		D21085291AF0BAA600F49D57 /* TodayDetailCell.h */ = {isa = PBXFileReference; fileEncoding = 4; lastKnownFileType = sourcecode.c.h; path = TodayDetailCell.h; sourceTree = "<group>"; };
		D210852A1AF0BAA600F49D57 /* TodayDetailCell.m */ = {isa = PBXFileReference; fileEncoding = 4; lastKnownFileType = sourcecode.c.objc; path = TodayDetailCell.m; sourceTree = "<group>"; };
		D210852C1AF0CCB900F49D57 /* MainView.h */ = {isa = PBXFileReference; fileEncoding = 4; lastKnownFileType = sourcecode.c.h; path = MainView.h; sourceTree = "<group>"; };
		D210852D1AF0CCB900F49D57 /* MainView.m */ = {isa = PBXFileReference; fileEncoding = 4; lastKnownFileType = sourcecode.c.objc; path = MainView.m; sourceTree = "<group>"; };
/* End PBXFileReference section */

/* Begin PBXFrameworksBuildPhase section */
		D21084A41AEE2D8300F49D57 /* Frameworks */ = {
			isa = PBXFrameworksBuildPhase;
			buildActionMask = 2147483647;
			files = (
			);
			runOnlyForDeploymentPostprocessing = 0;
		};
		D21084BD1AEE2D8300F49D57 /* Frameworks */ = {
			isa = PBXFrameworksBuildPhase;
			buildActionMask = 2147483647;
			files = (
			);
			runOnlyForDeploymentPostprocessing = 0;
		};
/* End PBXFrameworksBuildPhase section */

/* Begin PBXGroup section */
		D210849E1AEE2D8300F49D57 = {
			isa = PBXGroup;
			children = (
				D21084D01AEE2EA800F49D57 /* controller */,
				D21084D11AEE2EA800F49D57 /* model */,
				D21084D31AEE2EA800F49D57 /* view */,
				D21084D81AEE3B5900F49D57 /* util */,
				D21084D21AEE2EA800F49D57 /* thirdParty */,
				D21084A91AEE2D8300F49D57 /* weatherDemo */,
				D21084C31AEE2D8300F49D57 /* weatherDemoTests */,
				D21084A81AEE2D8300F49D57 /* Products */,
			);
			sourceTree = "<group>";
		};
		D21084A81AEE2D8300F49D57 /* Products */ = {
			isa = PBXGroup;
			children = (
				D21084A71AEE2D8300F49D57 /* weatherDemo.app */,
				D21084C01AEE2D8300F49D57 /* weatherDemoTests.xctest */,
			);
			name = Products;
			sourceTree = "<group>";
		};
		D21084A91AEE2D8300F49D57 /* weatherDemo */ = {
			isa = PBXGroup;
			children = (
				D21084AE1AEE2D8300F49D57 /* AppDelegate.h */,
				D21084AF1AEE2D8300F49D57 /* AppDelegate.m */,
				D21084B11AEE2D8300F49D57 /* ViewController.h */,
				D21084B21AEE2D8300F49D57 /* ViewController.m */,
				D21084B41AEE2D8300F49D57 /* Main.storyboard */,
				D21084B71AEE2D8300F49D57 /* Images.xcassets */,
				D21084B91AEE2D8300F49D57 /* LaunchScreen.xib */,
				D21084AA1AEE2D8300F49D57 /* Supporting Files */,
			);
			path = weatherDemo;
			sourceTree = "<group>";
		};
		D21084AA1AEE2D8300F49D57 /* Supporting Files */ = {
			isa = PBXGroup;
			children = (
				D21084AB1AEE2D8300F49D57 /* Info.plist */,
				D21084AC1AEE2D8300F49D57 /* main.m */,
			);
			name = "Supporting Files";
			sourceTree = "<group>";
		};
		D21084C31AEE2D8300F49D57 /* weatherDemoTests */ = {
			isa = PBXGroup;
			children = (
				D21084C61AEE2D8300F49D57 /* weatherDemoTests.m */,
				D21084C41AEE2D8300F49D57 /* Supporting Files */,
			);
			path = weatherDemoTests;
			sourceTree = "<group>";
		};
		D21084C41AEE2D8300F49D57 /* Supporting Files */ = {
			isa = PBXGroup;
			children = (
				D21084C51AEE2D8300F49D57 /* Info.plist */,
			);
			name = "Supporting Files";
			sourceTree = "<group>";
		};
		D21084D01AEE2EA800F49D57 /* controller */ = {
			isa = PBXGroup;
			children = (
				D21084D51AEE37EB00F49D57 /* HomeController.h */,
				D21084D61AEE37EB00F49D57 /* HomeController.m */,
				D21084DC1AEE50FC00F49D57 /* CityViewController.h */,
				D21084DD1AEE50FC00F49D57 /* CityViewController.m */,
				D210851D1AEF711000F49D57 /* SearchCityController.h */,
				D210851E1AEF711000F49D57 /* SearchCityController.m */,
			);
			name = controller;
			path = weatherDemo/controller;
			sourceTree = "<group>";
		};
		D21084D11AEE2EA800F49D57 /* model */ = {
			isa = PBXGroup;
			children = (
				D21084E51AEF54D900F49D57 /* CityInfoModel.h */,
				D21084E61AEF54D900F49D57 /* CityInfoModel.m */,
			);
			name = model;
			path = weatherDemo/model;
			sourceTree = "<group>";
		};
		D21084D21AEE2EA800F49D57 /* thirdParty */ = {
			isa = PBXGroup;
			children = (
				D21084D41AEE2EDE00F49D57 /* Header.pch */,
			);
			name = thirdParty;
			path = weatherDemo/thirdParty;
			sourceTree = "<group>";
		};
		D21084D31AEE2EA800F49D57 /* view */ = {
			isa = PBXGroup;
			children = (
				D210852C1AF0CCB900F49D57 /* MainView.h */,
				D210852D1AF0CCB900F49D57 /* MainView.m */,
				D21084E81AEF54EE00F49D57 /* CityInfo.h */,
				D21084E91AEF54EE00F49D57 /* CityInfo.m */,
				D21085201AF0743700F49D57 /* ForecastScrollView.h */,
				D21085211AF0743700F49D57 /* ForecastScrollView.m */,
				D21085231AF0A50C00F49D57 /* WeekCell.h */,
				D21085241AF0A50C00F49D57 /* WeekCell.m */,
				D21085261AF0B5DC00F49D57 /* TodayInfoCell.h */,
				D21085271AF0B5DC00F49D57 /* TodayInfoCell.m */,
				D21085291AF0BAA600F49D57 /* TodayDetailCell.h */,
				D210852A1AF0BAA600F49D57 /* TodayDetailCell.m */,
			);
			name = view;
			path = weatherDemo/view;
			sourceTree = "<group>";
		};
		D21084D81AEE3B5900F49D57 /* util */ = {
			isa = PBXGroup;
			children = (
				D21084D91AEE3B7800F49D57 /* MyUtil.h */,
				D21084DA1AEE3B7800F49D57 /* MyUtil.m */,
			);
			name = util;
			path = weatherDemo/util;
			sourceTree = "<group>";
		};
/* End PBXGroup section */

/* Begin PBXNativeTarget section */
		D21084A61AEE2D8300F49D57 /* weatherDemo */ = {
			isa = PBXNativeTarget;
			buildConfigurationList = D21084CA1AEE2D8300F49D57 /* Build configuration list for PBXNativeTarget "weatherDemo" */;
			buildPhases = (
				D21084A31AEE2D8300F49D57 /* Sources */,
				D21084A41AEE2D8300F49D57 /* Frameworks */,
				D21084A51AEE2D8300F49D57 /* Resources */,
			);
			buildRules = (
			);
			dependencies = (
			);
			name = weatherDemo;
			productName = weatherDemo;
			productReference = D21084A71AEE2D8300F49D57 /* weatherDemo.app */;
			productType = "com.apple.product-type.application";
		};
		D21084BF1AEE2D8300F49D57 /* weatherDemoTests */ = {
			isa = PBXNativeTarget;
			buildConfigurationList = D21084CD1AEE2D8300F49D57 /* Build configuration list for PBXNativeTarget "weatherDemoTests" */;
			buildPhases = (
				D21084BC1AEE2D8300F49D57 /* Sources */,
				D21084BD1AEE2D8300F49D57 /* Frameworks */,
				D21084BE1AEE2D8300F49D57 /* Resources */,
			);
			buildRules = (
			);
			dependencies = (
				D21084C21AEE2D8300F49D57 /* PBXTargetDependency */,
			);
			name = weatherDemoTests;
			productName = weatherDemoTests;
			productReference = D21084C01AEE2D8300F49D57 /* weatherDemoTests.xctest */;
			productType = "com.apple.product-type.bundle.unit-test";
		};
/* End PBXNativeTarget section */

/* Begin PBXProject section */
		D210849F1AEE2D8300F49D57 /* Project object */ = {
			isa = PBXProject;
			attributes = {
				LastUpgradeCheck = 0630;
				ORGANIZATIONNAME = xiaolang;
				TargetAttributes = {
					D21084A61AEE2D8300F49D57 = {
						CreatedOnToolsVersion = 6.3;
					};
					D21084BF1AEE2D8300F49D57 = {
						CreatedOnToolsVersion = 6.3;
						TestTargetID = D21084A61AEE2D8300F49D57;
					};
				};
			};
			buildConfigurationList = D21084A21AEE2D8300F49D57 /* Build configuration list for PBXProject "weatherDemo" */;
			compatibilityVersion = "Xcode 3.2";
			developmentRegion = English;
			hasScannedForEncodings = 0;
			knownRegions = (
				en,
				Base,
			);
			mainGroup = D210849E1AEE2D8300F49D57;
			productRefGroup = D21084A81AEE2D8300F49D57 /* Products */;
			projectDirPath = "";
			projectRoot = "";
			targets = (
				D21084A61AEE2D8300F49D57 /* weatherDemo */,
				D21084BF1AEE2D8300F49D57 /* weatherDemoTests */,
			);
		};
/* End PBXProject section */

/* Begin PBXResourcesBuildPhase section */
		D21084A51AEE2D8300F49D57 /* Resources */ = {
			isa = PBXResourcesBuildPhase;
			buildActionMask = 2147483647;
			files = (
				D21084B61AEE2D8300F49D57 /* Main.storyboard in Resources */,
				D21084BB1AEE2D8300F49D57 /* LaunchScreen.xib in Resources */,
				D21084B81AEE2D8300F49D57 /* Images.xcassets in Resources */,
			);
			runOnlyForDeploymentPostprocessing = 0;
		};
		D21084BE1AEE2D8300F49D57 /* Resources */ = {
			isa = PBXResourcesBuildPhase;
			buildActionMask = 2147483647;
			files = (
			);
			runOnlyForDeploymentPostprocessing = 0;
		};
/* End PBXResourcesBuildPhase section */

/* Begin PBXSourcesBuildPhase section */
		D21084A31AEE2D8300F49D57 /* Sources */ = {
			isa = PBXSourcesBuildPhase;
			buildActionMask = 2147483647;
			files = (
				D21084DB1AEE3B7800F49D57 /* MyUtil.m in Sources */,
				D21084D71AEE37EB00F49D57 /* HomeController.m in Sources */,
				D21084EA1AEF54EE00F49D57 /* CityInfo.m in Sources */,
				D21084E71AEF54D900F49D57 /* CityInfoModel.m in Sources */,
				D21085221AF0743700F49D57 /* ForecastScrollView.m in Sources */,
				D21084B31AEE2D8300F49D57 /* ViewController.m in Sources */,
				D21084DE1AEE50FC00F49D57 /* CityViewController.m in Sources */,
				D21085281AF0B5DC00F49D57 /* TodayInfoCell.m in Sources */,
				D21084B01AEE2D8300F49D57 /* AppDelegate.m in Sources */,
				D210852E1AF0CCB900F49D57 /* MainView.m in Sources */,
				D21084AD1AEE2D8300F49D57 /* main.m in Sources */,
				D21085251AF0A50C00F49D57 /* WeekCell.m in Sources */,
				D210851F1AEF711000F49D57 /* SearchCityController.m in Sources */,
				D210852B1AF0BAA600F49D57 /* TodayDetailCell.m in Sources */,
			);
			runOnlyForDeploymentPostprocessing = 0;
		};
		D21084BC1AEE2D8300F49D57 /* Sources */ = {
			isa = PBXSourcesBuildPhase;
			buildActionMask = 2147483647;
			files = (
				D21084C71AEE2D8300F49D57 /* weatherDemoTests.m in Sources */,
			);
			runOnlyForDeploymentPostprocessing = 0;
		};
/* End PBXSourcesBuildPhase section */

/* Begin PBXTargetDependency section */
		D21084C21AEE2D8300F49D57 /* PBXTargetDependency */ = {
			isa = PBXTargetDependency;
			target = D21084A61AEE2D8300F49D57 /* weatherDemo */;
			targetProxy = D21084C11AEE2D8300F49D57 /* PBXContainerItemProxy */;
		};
/* End PBXTargetDependency section */

/* Begin PBXVariantGroup section */
		D21084B41AEE2D8300F49D57 /* Main.storyboard */ = {
			isa = PBXVariantGroup;
			children = (
				D21084B51AEE2D8300F49D57 /* Base */,
			);
			name = Main.storyboard;
			sourceTree = "<group>";
		};
		D21084B91AEE2D8300F49D57 /* LaunchScreen.xib */ = {
			isa = PBXVariantGroup;
			children = (
				D21084BA1AEE2D8300F49D57 /* Base */,
			);
			name = LaunchScreen.xib;
			sourceTree = "<group>";
		};
/* End PBXVariantGroup section */

/* Begin XCBuildConfiguration section */
		D21084C81AEE2D8300F49D57 /* Debug */ = {
			isa = XCBuildConfiguration;
			buildSettings = {
				ALWAYS_SEARCH_USER_PATHS = NO;
				CLANG_CXX_LANGUAGE_STANDARD = "gnu++0x";
				CLANG_CXX_LIBRARY = "libc++";
				CLANG_ENABLE_MODULES = YES;
				CLANG_ENABLE_OBJC_ARC = YES;
				CLANG_WARN_BOOL_CONVERSION = YES;
				CLANG_WARN_CONSTANT_CONVERSION = YES;
				CLANG_WARN_DIRECT_OBJC_ISA_USAGE = YES_ERROR;
				CLANG_WARN_EMPTY_BODY = YES;
				CLANG_WARN_ENUM_CONVERSION = YES;
				CLANG_WARN_INT_CONVERSION = YES;
				CLANG_WARN_OBJC_ROOT_CLASS = YES_ERROR;
				CLANG_WARN_UNREACHABLE_CODE = YES;
				CLANG_WARN__DUPLICATE_METHOD_MATCH = YES;
				"CODE_SIGN_IDENTITY[sdk=iphoneos*]" = "iPhone Developer";
				COPY_PHASE_STRIP = NO;
				DEBUG_INFORMATION_FORMAT = "dwarf-with-dsym";
				ENABLE_STRICT_OBJC_MSGSEND = YES;
				GCC_C_LANGUAGE_STANDARD = gnu99;
				GCC_DYNAMIC_NO_PIC = NO;
				GCC_NO_COMMON_BLOCKS = YES;
				GCC_OPTIMIZATION_LEVEL = 0;
				GCC_PREPROCESSOR_DEFINITIONS = (
					"DEBUG=1",
					"$(inherited)",
				);
				GCC_SYMBOLS_PRIVATE_EXTERN = NO;
				GCC_WARN_64_TO_32_BIT_CONVERSION = YES;
				GCC_WARN_ABOUT_RETURN_TYPE = YES_ERROR;
				GCC_WARN_UNDECLARED_SELECTOR = YES;
				GCC_WARN_UNINITIALIZED_AUTOS = YES_AGGRESSIVE;
				GCC_WARN_UNUSED_FUNCTION = YES;
				GCC_WARN_UNUSED_VARIABLE = YES;
				IPHONEOS_DEPLOYMENT_TARGET = 8.3;
				MTL_ENABLE_DEBUG_INFO = YES;
				ONLY_ACTIVE_ARCH = YES;
				SDKROOT = iphoneos;
				TARGETED_DEVICE_FAMILY = "1,2";
			};
			name = Debug;
		};
		D21084C91AEE2D8300F49D57 /* Release */ = {
			isa = XCBuildConfiguration;
			buildSettings = {
				ALWAYS_SEARCH_USER_PATHS = NO;
				CLANG_CXX_LANGUAGE_STANDARD = "gnu++0x";
				CLANG_CXX_LIBRARY = "libc++";
				CLANG_ENABLE_MODULES = YES;
				CLANG_ENABLE_OBJC_ARC = YES;
				CLANG_WARN_BOOL_CONVERSION = YES;
				CLANG_WARN_CONSTANT_CONVERSION = YES;
				CLANG_WARN_DIRECT_OBJC_ISA_USAGE = YES_ERROR;
				CLANG_WARN_EMPTY_BODY = YES;
				CLANG_WARN_ENUM_CONVERSION = YES;
				CLANG_WARN_INT_CONVERSION = YES;
				CLANG_WARN_OBJC_ROOT_CLASS = YES_ERROR;
				CLANG_WARN_UNREACHABLE_CODE = YES;
				CLANG_WARN__DUPLICATE_METHOD_MATCH = YES;
				"CODE_SIGN_IDENTITY[sdk=iphoneos*]" = "iPhone Developer";
				COPY_PHASE_STRIP = NO;
				DEBUG_INFORMATION_FORMAT = "dwarf-with-dsym";
				ENABLE_NS_ASSERTIONS = NO;
				ENABLE_STRICT_OBJC_MSGSEND = YES;
				GCC_C_LANGUAGE_STANDARD = gnu99;
				GCC_NO_COMMON_BLOCKS = YES;
				GCC_WARN_64_TO_32_BIT_CONVERSION = YES;
				GCC_WARN_ABOUT_RETURN_TYPE = YES_ERROR;
				GCC_WARN_UNDECLARED_SELECTOR = YES;
				GCC_WARN_UNINITIALIZED_AUTOS = YES_AGGRESSIVE;
				GCC_WARN_UNUSED_FUNCTION = YES;
				GCC_WARN_UNUSED_VARIABLE = YES;
				IPHONEOS_DEPLOYMENT_TARGET = 8.3;
				MTL_ENABLE_DEBUG_INFO = NO;
				SDKROOT = iphoneos;
				TARGETED_DEVICE_FAMILY = "1,2";
				VALIDATE_PRODUCT = YES;
			};
			name = Release;
		};
		D21084CB1AEE2D8300F49D57 /* Debug */ = {
			isa = XCBuildConfiguration;
			buildSettings = {
				ASSETCATALOG_COMPILER_APPICON_NAME = AppIcon;
				GCC_PRECOMPILE_PREFIX_HEADER = YES;
				GCC_PREFIX_HEADER = weatherDemo/thirdParty/Header.pch;
				INFOPLIST_FILE = weatherDemo/Info.plist;
				IPHONEOS_DEPLOYMENT_TARGET = 8.3;
				LD_RUNPATH_SEARCH_PATHS = "$(inherited) @executable_path/Frameworks";
				PRODUCT_NAME = "$(TARGET_NAME)";
			};
			name = Debug;
		};
		D21084CC1AEE2D8300F49D57 /* Release */ = {
			isa = XCBuildConfiguration;
			buildSettings = {
				ASSETCATALOG_COMPILER_APPICON_NAME = AppIcon;
				GCC_PRECOMPILE_PREFIX_HEADER = YES;
				GCC_PREFIX_HEADER = weatherDemo/thirdParty/Header.pch;
				INFOPLIST_FILE = weatherDemo/Info.plist;
				IPHONEOS_DEPLOYMENT_TARGET = 8.3;
				LD_RUNPATH_SEARCH_PATHS = "$(inherited) @executable_path/Frameworks";
				PRODUCT_NAME = "$(TARGET_NAME)";
			};
			name = Release;
		};
		D21084CE1AEE2D8300F49D57 /* Debug */ = {
			isa = XCBuildConfiguration;
			buildSettings = {
				BUNDLE_LOADER = "$(TEST_HOST)";
				FRAMEWORK_SEARCH_PATHS = (
					"$(SDKROOT)/Developer/Library/Frameworks",
					"$(inherited)",
				);
				GCC_PREPROCESSOR_DEFINITIONS = (
					"DEBUG=1",
					"$(inherited)",
				);
				INFOPLIST_FILE = weatherDemoTests/Info.plist;
				LD_RUNPATH_SEARCH_PATHS = "$(inherited) @executable_path/Frameworks @loader_path/Frameworks";
				PRODUCT_NAME = "$(TARGET_NAME)";
				TEST_HOST = "$(BUILT_PRODUCTS_DIR)/weatherDemo.app/weatherDemo";
			};
			name = Debug;
		};
		D21084CF1AEE2D8300F49D57 /* Release */ = {
			isa = XCBuildConfiguration;
			buildSettings = {
				BUNDLE_LOADER = "$(TEST_HOST)";
				FRAMEWORK_SEARCH_PATHS = (
					"$(SDKROOT)/Developer/Library/Frameworks",
					"$(inherited)",
				);
				INFOPLIST_FILE = weatherDemoTests/Info.plist;
				LD_RUNPATH_SEARCH_PATHS = "$(inherited) @executable_path/Frameworks @loader_path/Frameworks";
				PRODUCT_NAME = "$(TARGET_NAME)";
				TEST_HOST = "$(BUILT_PRODUCTS_DIR)/weatherDemo.app/weatherDemo";
			};
			name = Release;
		};
/* End XCBuildConfiguration section */

/* Begin XCConfigurationList section */
		D21084A21AEE2D8300F49D57 /* Build configuration list for PBXProject "weatherDemo" */ = {
			isa = XCConfigurationList;
			buildConfigurations = (
				D21084C81AEE2D8300F49D57 /* Debug */,
				D21084C91AEE2D8300F49D57 /* Release */,
			);
			defaultConfigurationIsVisible = 0;
			defaultConfigurationName = Release;
		};
		D21084CA1AEE2D8300F49D57 /* Build configuration list for PBXNativeTarget "weatherDemo" */ = {
			isa = XCConfigurationList;
			buildConfigurations = (
				D21084CB1AEE2D8300F49D57 /* Debug */,
				D21084CC1AEE2D8300F49D57 /* Release */,
			);
			defaultConfigurationIsVisible = 0;
			defaultConfigurationName = Release;
		};
		D21084CD1AEE2D8300F49D57 /* Build configuration list for PBXNativeTarget "weatherDemoTests" */ = {
			isa = XCConfigurationList;
			buildConfigurations = (
				D21084CE1AEE2D8300F49D57 /* Debug */,
				D21084CF1AEE2D8300F49D57 /* Release */,
			);
			defaultConfigurationIsVisible = 0;
			defaultConfigurationName = Release;
		};
/* End XCConfigurationList section */
	};
	rootObject = D210849F1AEE2D8300F49D57 /* Project object */;
}
